
Microsoft Visual Studio Solution File, Format Version 12.00
# Visual Studio Version 17
VisualStudioVersion = 17.0.31903.59
MinimumVisualStudioVersion = 10.0.40219.1
Project("{FAE04EC0-301F-11D3-BF4B-00C04F79EFBC}") = "ToDo.API", "ToDo.API\ToDo.API.csproj", "{23BD1B02-34AC-4E7C-8EDC-69FC480D8551}"
EndProject
Project("{FAE04EC0-301F-11D3-BF4B-00C04F79EFBC}") = "ToDo.Domain", "ToDo.Domain\ToDo.Domain.csproj", "{2F3C207B-41D3-4B96-88C0-C3589417EDFB}"
EndProject
Project("{FAE04EC0-301F-11D3-BF4B-00C04F79EFBC}") = "ToDo.Domain.Infra", "ToDo.Domain.Infra\ToDo.Domain.Infra.csproj", "{4699E8E8-144D-43A0-8223-F1C2EBA85853}"
EndProject
Project("{FAE04EC0-301F-11D3-BF4B-00C04F79EFBC}") = "ToDo.Domain.Tests", "ToDo.Domain.Tests\ToDo.Domain.Tests.csproj", "{4520FAB4-785D-49FD-A76E-9CD23A9757CA}"
EndProject
Global
	GlobalSection(SolutionConfigurationPlatforms) = preSolution
		Debug|Any CPU = Debug|Any CPU
		Release|Any CPU = Release|Any CPU
	EndGlobalSection
	GlobalSection(SolutionProperties) = preSolution
		HideSolutionNode = FALSE
	EndGlobalSection
	GlobalSection(ProjectConfigurationPlatforms) = postSolution
		{23BD1B02-34AC-4E7C-8EDC-69FC480D8551}.Debug|Any CPU.ActiveCfg = Debug|Any CPU
		{23BD1B02-34AC-4E7C-8EDC-69FC480D8551}.Debug|Any CPU.Build.0 = Debug|Any CPU
		{23BD1B02-34AC-4E7C-8EDC-69FC480D8551}.Release|Any CPU.ActiveCfg = Release|Any CPU
		{23BD1B02-34AC-4E7C-8EDC-69FC480D8551}.Release|Any CPU.Build.0 = Release|Any CPU
		{2F3C207B-41D3-4B96-88C0-C3589417EDFB}.Debug|Any CPU.ActiveCfg = Debug|Any CPU
		{2F3C207B-41D3-4B96-88C0-C3589417EDFB}.Debug|Any CPU.Build.0 = Debug|Any CPU
		{2F3C207B-41D3-4B96-88C0-C3589417EDFB}.Release|Any CPU.ActiveCfg = Release|Any CPU
		{2F3C207B-41D3-4B96-88C0-C3589417EDFB}.Release|Any CPU.Build.0 = Release|Any CPU
		{4699E8E8-144D-43A0-8223-F1C2EBA85853}.Debug|Any CPU.ActiveCfg = Debug|Any CPU
		{4699E8E8-144D-43A0-8223-F1C2EBA85853}.Debug|Any CPU.Build.0 = Debug|Any CPU
		{4699E8E8-144D-43A0-8223-F1C2EBA85853}.Release|Any CPU.ActiveCfg = Release|Any CPU
		{4699E8E8-144D-43A0-8223-F1C2EBA85853}.Release|Any CPU.Build.0 = Release|Any CPU
		{4520FAB4-785D-49FD-A76E-9CD23A9757CA}.Debug|Any CPU.ActiveCfg = Debug|Any CPU
		{4520FAB4-785D-49FD-A76E-9CD23A9757CA}.Debug|Any CPU.Build.0 = Debug|Any CPU
		{4520FAB4-785D-49FD-A76E-9CD23A9757CA}.Release|Any CPU.ActiveCfg = Release|Any CPU
		{4520FAB4-785D-49FD-A76E-9CD23A9757CA}.Release|Any CPU.Build.0 = Release|Any CPU
	EndGlobalSection
EndGlobal
